
Microsoft Visual Studio Solution File, Format Version 12.00
# Visual Studio Version 17
VisualStudioVersion = 17.0.31612.314
MinimumVisualStudioVersion = 10.0.40219.1
Project("{2150E333-8FDC-42A3-9474-1A3956D46DE8}") = "FrontEnd", "FrontEnd", "{EDE20FA7-28B6-4227-A27D-782D4F7EB2FB}"
EndProject
Project("{9A19103F-16F7-4668-BE54-9A1E7A4F7556}") = "Microservices.Web", "Microservices.Web\Microservices.Web.csproj", "{D6903A06-E020-41C6-8D7B-C67B04374FEC}"
EndProject
Project("{2150E333-8FDC-42A3-9474-1A3956D46DE8}") = "Services", "Services", "{B0B2212E-7E70-4D7A-BEE6-2A8A9BF8228B}"
EndProject
Project("{9A19103F-16F7-4668-BE54-9A1E7A4F7556}") = "Microservices.Services.ProductAPI", "Microservices.ProductAPI\Microservices.Services.ProductAPI.csproj", "{420BD0B1-508E-42E1-AF9F-1D38D5565964}"
EndProject
Project("{2150E333-8FDC-42A3-9474-1A3956D46DE8}") = "Solution Items", "Solution Items", "{CAE8D699-7E3F-40EB-A957-08585627E76B}"
	ProjectSection(SolutionItems) = preProject
		.editorconfig = .editorconfig
	EndProjectSection
EndProject
Project("{9A19103F-16F7-4668-BE54-9A1E7A4F7556}") = "Microservices.Services.Identity", "Microservices.Services.Identity\Microservices.Services.Identity.csproj", "{7F006D72-DF84-4C5C-8AA1-B682238DE36F}"
EndProject
Project("{9A19103F-16F7-4668-BE54-9A1E7A4F7556}") = "Microservices.Services.ShoppingCartAPI", "Microservices.Services.ShoppingCartAPI\Microservices.Services.ShoppingCartAPI.csproj", "{D465558C-5239-4BE2-878E-3B3DBF39DC9F}"
EndProject
Project("{FAE04EC0-301F-11D3-BF4B-00C04F79EFBC}") = "Microservices.Services.CouponAPI", "Microservices.Services.CuoponAPI\Microservices.Services.CouponAPI.csproj", "{74D869C1-4D2D-4699-81C4-CDBDB6275D3F}"
EndProject
Global
	GlobalSection(SolutionConfigurationPlatforms) = preSolution
		Debug|Any CPU = Debug|Any CPU
		Release|Any CPU = Release|Any CPU
	EndGlobalSection
	GlobalSection(ProjectConfigurationPlatforms) = postSolution
		{D6903A06-E020-41C6-8D7B-C67B04374FEC}.Debug|Any CPU.ActiveCfg = Debug|Any CPU
		{D6903A06-E020-41C6-8D7B-C67B04374FEC}.Debug|Any CPU.Build.0 = Debug|Any CPU
		{D6903A06-E020-41C6-8D7B-C67B04374FEC}.Release|Any CPU.ActiveCfg = Release|Any CPU
		{D6903A06-E020-41C6-8D7B-C67B04374FEC}.Release|Any CPU.Build.0 = Release|Any CPU
		{420BD0B1-508E-42E1-AF9F-1D38D5565964}.Debug|Any CPU.ActiveCfg = Debug|Any CPU
		{420BD0B1-508E-42E1-AF9F-1D38D5565964}.Debug|Any CPU.Build.0 = Debug|Any CPU
		{420BD0B1-508E-42E1-AF9F-1D38D5565964}.Release|Any CPU.ActiveCfg = Release|Any CPU
		{420BD0B1-508E-42E1-AF9F-1D38D5565964}.Release|Any CPU.Build.0 = Release|Any CPU
		{7F006D72-DF84-4C5C-8AA1-B682238DE36F}.Debug|Any CPU.ActiveCfg = Debug|Any CPU
		{7F006D72-DF84-4C5C-8AA1-B682238DE36F}.Debug|Any CPU.Build.0 = Debug|Any CPU
		{7F006D72-DF84-4C5C-8AA1-B682238DE36F}.Release|Any CPU.ActiveCfg = Release|Any CPU
		{7F006D72-DF84-4C5C-8AA1-B682238DE36F}.Release|Any CPU.Build.0 = Release|Any CPU
		{D465558C-5239-4BE2-878E-3B3DBF39DC9F}.Debug|Any CPU.ActiveCfg = Debug|Any CPU
		{D465558C-5239-4BE2-878E-3B3DBF39DC9F}.Debug|Any CPU.Build.0 = Debug|Any CPU
		{D465558C-5239-4BE2-878E-3B3DBF39DC9F}.Release|Any CPU.ActiveCfg = Release|Any CPU
		{D465558C-5239-4BE2-878E-3B3DBF39DC9F}.Release|Any CPU.Build.0 = Release|Any CPU
		{74D869C1-4D2D-4699-81C4-CDBDB6275D3F}.Debug|Any CPU.ActiveCfg = Debug|Any CPU
		{74D869C1-4D2D-4699-81C4-CDBDB6275D3F}.Debug|Any CPU.Build.0 = Debug|Any CPU
		{74D869C1-4D2D-4699-81C4-CDBDB6275D3F}.Release|Any CPU.ActiveCfg = Release|Any CPU
		{74D869C1-4D2D-4699-81C4-CDBDB6275D3F}.Release|Any CPU.Build.0 = Release|Any CPU
	EndGlobalSection
	GlobalSection(SolutionProperties) = preSolution
		HideSolutionNode = FALSE
	EndGlobalSection
	GlobalSection(NestedProjects) = preSolution
		{D6903A06-E020-41C6-8D7B-C67B04374FEC} = {EDE20FA7-28B6-4227-A27D-782D4F7EB2FB}
		{420BD0B1-508E-42E1-AF9F-1D38D5565964} = {B0B2212E-7E70-4D7A-BEE6-2A8A9BF8228B}
		{7F006D72-DF84-4C5C-8AA1-B682238DE36F} = {B0B2212E-7E70-4D7A-BEE6-2A8A9BF8228B}
		{D465558C-5239-4BE2-878E-3B3DBF39DC9F} = {B0B2212E-7E70-4D7A-BEE6-2A8A9BF8228B}
		{74D869C1-4D2D-4699-81C4-CDBDB6275D3F} = {B0B2212E-7E70-4D7A-BEE6-2A8A9BF8228B}
	EndGlobalSection
	GlobalSection(ExtensibilityGlobals) = postSolution
		SolutionGuid = {9F261971-5735-429F-B38A-1162BD7BA0D4}
	EndGlobalSection
EndGlobal
