
Microsoft Visual Studio Solution File, Format Version 12.00
# Visual Studio Version 17
VisualStudioVersion = 17.0.31612.314
MinimumVisualStudioVersion = 10.0.40219.1
Project("{2150E333-8FDC-42A3-9474-1A3956D46DE8}") = "FrontEnd", "FrontEnd", "{EDE20FA7-28B6-4227-A27D-782D4F7EB2FB}"
EndProject
Project("{9A19103F-16F7-4668-BE54-9A1E7A4F7556}") = "Microservices.Web", "Microservices.Web\Microservices.Web.csproj", "{D6903A06-E020-41C6-8D7B-C67B04374FEC}"
EndProject
Project("{2150E333-8FDC-42A3-9474-1A3956D46DE8}") = "Services", "Services", "{B0B2212E-7E70-4D7A-BEE6-2A8A9BF8228B}"
EndProject
Project("{9A19103F-16F7-4668-BE54-9A1E7A4F7556}") = "Microservices.Services.ProductAPI", "Microservices.ProductAPI\Microservices.Services.ProductAPI.csproj", "{420BD0B1-508E-42E1-AF9F-1D38D5565964}"
EndProject
Project("{2150E333-8FDC-42A3-9474-1A3956D46DE8}") = "Solution Items", "Solution Items", "{CAE8D699-7E3F-40EB-A957-08585627E76B}"
	ProjectSection(SolutionItems) = preProject
		.editorconfig = .editorconfig
	EndProjectSection
EndProject
Project("{9A19103F-16F7-4668-BE54-9A1E7A4F7556}") = "Microservices.Services.Identity", "Microservices.Services.Identity\Microservices.Services.Identity.csproj", "{7F006D72-DF84-4C5C-8AA1-B682238DE36F}"
EndProject
Project("{9A19103F-16F7-4668-BE54-9A1E7A4F7556}") = "Microservices.Services.ShoppingCartAPI", "Microservices.Services.ShoppingCartAPI\Microservices.Services.ShoppingCartAPI.csproj", "{D465558C-5239-4BE2-878E-3B3DBF39DC9F}"
EndProject
Project("{9A19103F-16F7-4668-BE54-9A1E7A4F7556}") = "Microservices.Services.CouponAPI", "Microservices.Services.CuoponAPI\Microservices.Services.CouponAPI.csproj", "{74D869C1-4D2D-4699-81C4-CDBDB6275D3F}"
EndProject
Project("{2150E333-8FDC-42A3-9474-1A3956D46DE8}") = "Integration", "Integration", "{DEB91F2B-6FDC-4758-B87C-B302D3FEA4D5}"
EndProject
Project("{9A19103F-16F7-4668-BE54-9A1E7A4F7556}") = "Microservices.MessageBus", "Microservices.MessageBus\Microservices.MessageBus.csproj", "{0455E593-90D2-4761-929B-339A4DB68C36}"
EndProject
Project("{9A19103F-16F7-4668-BE54-9A1E7A4F7556}") = "Microservices.Services.OrderAPI", "Microservices.Services.OrderAPI\Microservices.Services.OrderAPI.csproj", "{CE45BA5A-7C20-4434-8B2F-9148EE9858A0}"
EndProject
Project("{2150E333-8FDC-42A3-9474-1A3956D46DE8}") = "Payments", "Payments", "{4E141D9A-C464-4564-9DDC-40F9F0C52AB7}"
EndProject
Project("{9A19103F-16F7-4668-BE54-9A1E7A4F7556}") = "PaymentProcessor", "PaymentProcessor\PaymentProcessor.csproj", "{1ABD84A9-3968-41ED-8AB6-E3C7A762FA52}"
EndProject
Project("{9A19103F-16F7-4668-BE54-9A1E7A4F7556}") = "Microservices.Services.PaymentAPI", "Microservices.Services.PaymentAPI\Microservices.Services.PaymentAPI.csproj", "{265A7C11-EF40-4C7F-96A9-91553F6EF24F}"
EndProject
Project("{FAE04EC0-301F-11D3-BF4B-00C04F79EFBC}") = "Microservices.Services.EmailAPI", "Microservices.Services.Email\Microservices.Services.EmailAPI.csproj", "{47FCAF13-53A8-4011-BC1C-CFAA5CDA8452}"
EndProject
Project("{2150E333-8FDC-42A3-9474-1A3956D46DE8}") = "Gateway", "Gateway", "{06F04C92-14B9-4A16-BA59-C53F729E3E9B}"
EndProject
Project("{FAE04EC0-301F-11D3-BF4B-00C04F79EFBC}") = "Microservices.GatewaySolution", "Microservices.GatewaySolution\Microservices.GatewaySolution.csproj", "{630B36D6-FC1D-469F-804B-2B1F625C64AD}"
EndProject
Global
	GlobalSection(SolutionConfigurationPlatforms) = preSolution
		Debug|Any CPU = Debug|Any CPU
		Release|Any CPU = Release|Any CPU
	EndGlobalSection
	GlobalSection(ProjectConfigurationPlatforms) = postSolution
		{D6903A06-E020-41C6-8D7B-C67B04374FEC}.Debug|Any CPU.ActiveCfg = Debug|Any CPU
		{D6903A06-E020-41C6-8D7B-C67B04374FEC}.Debug|Any CPU.Build.0 = Debug|Any CPU
		{D6903A06-E020-41C6-8D7B-C67B04374FEC}.Release|Any CPU.ActiveCfg = Release|Any CPU
		{D6903A06-E020-41C6-8D7B-C67B04374FEC}.Release|Any CPU.Build.0 = Release|Any CPU
		{420BD0B1-508E-42E1-AF9F-1D38D5565964}.Debug|Any CPU.ActiveCfg = Debug|Any CPU
		{420BD0B1-508E-42E1-AF9F-1D38D5565964}.Debug|Any CPU.Build.0 = Debug|Any CPU
		{420BD0B1-508E-42E1-AF9F-1D38D5565964}.Release|Any CPU.ActiveCfg = Release|Any CPU
		{420BD0B1-508E-42E1-AF9F-1D38D5565964}.Release|Any CPU.Build.0 = Release|Any CPU
		{7F006D72-DF84-4C5C-8AA1-B682238DE36F}.Debug|Any CPU.ActiveCfg = Debug|Any CPU
		{7F006D72-DF84-4C5C-8AA1-B682238DE36F}.Debug|Any CPU.Build.0 = Debug|Any CPU
		{7F006D72-DF84-4C5C-8AA1-B682238DE36F}.Release|Any CPU.ActiveCfg = Release|Any CPU
		{7F006D72-DF84-4C5C-8AA1-B682238DE36F}.Release|Any CPU.Build.0 = Release|Any CPU
		{D465558C-5239-4BE2-878E-3B3DBF39DC9F}.Debug|Any CPU.ActiveCfg = Debug|Any CPU
		{D465558C-5239-4BE2-878E-3B3DBF39DC9F}.Debug|Any CPU.Build.0 = Debug|Any CPU
		{D465558C-5239-4BE2-878E-3B3DBF39DC9F}.Release|Any CPU.ActiveCfg = Release|Any CPU
		{D465558C-5239-4BE2-878E-3B3DBF39DC9F}.Release|Any CPU.Build.0 = Release|Any CPU
		{74D869C1-4D2D-4699-81C4-CDBDB6275D3F}.Debug|Any CPU.ActiveCfg = Debug|Any CPU
		{74D869C1-4D2D-4699-81C4-CDBDB6275D3F}.Debug|Any CPU.Build.0 = Debug|Any CPU
		{74D869C1-4D2D-4699-81C4-CDBDB6275D3F}.Release|Any CPU.ActiveCfg = Release|Any CPU
		{74D869C1-4D2D-4699-81C4-CDBDB6275D3F}.Release|Any CPU.Build.0 = Release|Any CPU
		{0455E593-90D2-4761-929B-339A4DB68C36}.Debug|Any CPU.ActiveCfg = Debug|Any CPU
		{0455E593-90D2-4761-929B-339A4DB68C36}.Debug|Any CPU.Build.0 = Debug|Any CPU
		{0455E593-90D2-4761-929B-339A4DB68C36}.Release|Any CPU.ActiveCfg = Release|Any CPU
		{0455E593-90D2-4761-929B-339A4DB68C36}.Release|Any CPU.Build.0 = Release|Any CPU
		{CE45BA5A-7C20-4434-8B2F-9148EE9858A0}.Debug|Any CPU.ActiveCfg = Debug|Any CPU
		{CE45BA5A-7C20-4434-8B2F-9148EE9858A0}.Debug|Any CPU.Build.0 = Debug|Any CPU
		{CE45BA5A-7C20-4434-8B2F-9148EE9858A0}.Release|Any CPU.ActiveCfg = Release|Any CPU
		{CE45BA5A-7C20-4434-8B2F-9148EE9858A0}.Release|Any CPU.Build.0 = Release|Any CPU
		{1ABD84A9-3968-41ED-8AB6-E3C7A762FA52}.Debug|Any CPU.ActiveCfg = Debug|Any CPU
		{1ABD84A9-3968-41ED-8AB6-E3C7A762FA52}.Debug|Any CPU.Build.0 = Debug|Any CPU
		{1ABD84A9-3968-41ED-8AB6-E3C7A762FA52}.Release|Any CPU.ActiveCfg = Release|Any CPU
		{1ABD84A9-3968-41ED-8AB6-E3C7A762FA52}.Release|Any CPU.Build.0 = Release|Any CPU
		{265A7C11-EF40-4C7F-96A9-91553F6EF24F}.Debug|Any CPU.ActiveCfg = Debug|Any CPU
		{265A7C11-EF40-4C7F-96A9-91553F6EF24F}.Debug|Any CPU.Build.0 = Debug|Any CPU
		{265A7C11-EF40-4C7F-96A9-91553F6EF24F}.Release|Any CPU.ActiveCfg = Release|Any CPU
		{265A7C11-EF40-4C7F-96A9-91553F6EF24F}.Release|Any CPU.Build.0 = Release|Any CPU
		{47FCAF13-53A8-4011-BC1C-CFAA5CDA8452}.Debug|Any CPU.ActiveCfg = Debug|Any CPU
		{47FCAF13-53A8-4011-BC1C-CFAA5CDA8452}.Debug|Any CPU.Build.0 = Debug|Any CPU
		{47FCAF13-53A8-4011-BC1C-CFAA5CDA8452}.Release|Any CPU.ActiveCfg = Release|Any CPU
		{47FCAF13-53A8-4011-BC1C-CFAA5CDA8452}.Release|Any CPU.Build.0 = Release|Any CPU
		{630B36D6-FC1D-469F-804B-2B1F625C64AD}.Debug|Any CPU.ActiveCfg = Debug|Any CPU
		{630B36D6-FC1D-469F-804B-2B1F625C64AD}.Debug|Any CPU.Build.0 = Debug|Any CPU
		{630B36D6-FC1D-469F-804B-2B1F625C64AD}.Release|Any CPU.ActiveCfg = Release|Any CPU
		{630B36D6-FC1D-469F-804B-2B1F625C64AD}.Release|Any CPU.Build.0 = Release|Any CPU
	EndGlobalSection
	GlobalSection(SolutionProperties) = preSolution
		HideSolutionNode = FALSE
	EndGlobalSection
	GlobalSection(NestedProjects) = preSolution
		{D6903A06-E020-41C6-8D7B-C67B04374FEC} = {EDE20FA7-28B6-4227-A27D-782D4F7EB2FB}
		{420BD0B1-508E-42E1-AF9F-1D38D5565964} = {B0B2212E-7E70-4D7A-BEE6-2A8A9BF8228B}
		{7F006D72-DF84-4C5C-8AA1-B682238DE36F} = {B0B2212E-7E70-4D7A-BEE6-2A8A9BF8228B}
		{D465558C-5239-4BE2-878E-3B3DBF39DC9F} = {B0B2212E-7E70-4D7A-BEE6-2A8A9BF8228B}
		{74D869C1-4D2D-4699-81C4-CDBDB6275D3F} = {B0B2212E-7E70-4D7A-BEE6-2A8A9BF8228B}
		{0455E593-90D2-4761-929B-339A4DB68C36} = {DEB91F2B-6FDC-4758-B87C-B302D3FEA4D5}
		{CE45BA5A-7C20-4434-8B2F-9148EE9858A0} = {B0B2212E-7E70-4D7A-BEE6-2A8A9BF8228B}
		{1ABD84A9-3968-41ED-8AB6-E3C7A762FA52} = {4E141D9A-C464-4564-9DDC-40F9F0C52AB7}
		{265A7C11-EF40-4C7F-96A9-91553F6EF24F} = {B0B2212E-7E70-4D7A-BEE6-2A8A9BF8228B}
		{47FCAF13-53A8-4011-BC1C-CFAA5CDA8452} = {B0B2212E-7E70-4D7A-BEE6-2A8A9BF8228B}
		{630B36D6-FC1D-469F-804B-2B1F625C64AD} = {06F04C92-14B9-4A16-BA59-C53F729E3E9B}
	EndGlobalSection
	GlobalSection(ExtensibilityGlobals) = postSolution
		SolutionGuid = {9F261971-5735-429F-B38A-1162BD7BA0D4}
	EndGlobalSection
EndGlobal
